
Microsoft Visual Studio Solution File, Format Version 12.00
Project("{FAE04EC0-301F-11D3-BF4B-00C04F79EFBC}") = "Telegram.BotServer", "src\Telegram.BotServer\Telegram.BotServer.csproj", "{935C6C73-327F-4E25-87F8-53DEA8384C1A}"
EndProject
Project("{FAE04EC0-301F-11D3-BF4B-00C04F79EFBC}") = "Common.Text", "src\Common.Text\Common.Text.csproj", "{6DE10DD7-4DE2-4E09-89D0-9C83DCB21FFE}"
EndProject
Project("{FAE04EC0-301F-11D3-BF4B-00C04F79EFBC}") = "Common.Exceptions", "src\Common.Exceptions\Common.Exceptions.csproj", "{D076D718-79BD-438D-8F29-BF7024D8AD05}"
EndProject
Project("{FAE04EC0-301F-11D3-BF4B-00C04F79EFBC}") = "Common.Http", "src\Common.Http\Common.Http.csproj", "{1C27AD6B-D4FB-43B4-AB8C-18ACADFFDBFE}"
EndProject
Project("{FAE04EC0-301F-11D3-BF4B-00C04F79EFBC}") = "Common.Serialization.Json", "src\Common.Serialization.Json\Common.Serialization.Json.csproj", "{6A16D9FC-B6F2-4BE9-8064-E9DCF3268393}"
EndProject
Project("{FAE04EC0-301F-11D3-BF4B-00C04F79EFBC}") = "Common.Collections", "src\Common.Collections\Common.Collections.csproj", "{2CB43C8A-0987-4EC0-BB65-0AC8120F64F4}"
EndProject
Project("{FAE04EC0-301F-11D3-BF4B-00C04F79EFBC}") = "Jackett.Contracts", "src\Jackett.Contracts\Jackett.Contracts.csproj", "{6CB362B1-0DD8-45D0-A317-2F147C8B76B7}"
EndProject
Project("{FAE04EC0-301F-11D3-BF4B-00C04F79EFBC}") = "Common.Http.Contracts", "src\Common.Http.Contracts\Common.Http.Contracts.csproj", "{4490CDC2-4774-429F-93DF-81093CD69120}"
EndProject
Project("{FAE04EC0-301F-11D3-BF4B-00C04F79EFBC}") = "Common.Http.Tests", "src\Common.Http.Tests\Common.Http.Tests.csproj", "{C5B0CA38-57C7-4282-810F-C813B0EDDAE9}"
EndProject
Project("{FAE04EC0-301F-11D3-BF4B-00C04F79EFBC}") = "Common.DateTime", "src\Common.DateTime\Common.DateTime.csproj", "{E95F898E-CDE9-40C7-BC8C-AF65EE041EAD}"
EndProject
Project("{FAE04EC0-301F-11D3-BF4B-00C04F79EFBC}") = "Common.Cryptography", "src\Common.Cryptography\Common.Cryptography.csproj", "{D78B3284-5B5E-493B-A46C-1051DFD0B994}"
EndProject
Project("{FAE04EC0-301F-11D3-BF4B-00C04F79EFBC}") = "Common.Serialization.Yaml", "src\Common.Serialization.Yaml\Common.Serialization.Yaml.csproj", "{24E747B8-B9C5-4EF6-8E5F-5E42E3497545}"
EndProject
Project("{FAE04EC0-301F-11D3-BF4B-00C04F79EFBC}") = "MediaAccess.Workflow", "src\MediaAccess.Workflow\MediaAccess.Workflow.csproj", "{50A02F63-C410-4B9E-82E8-D369BFD54714}"
EndProject
Project("{FAE04EC0-301F-11D3-BF4B-00C04F79EFBC}") = "MediaAccess.Contracts", "src\MediaAccess.Contracts\MediaAccess.Contracts.csproj", "{89C1316F-7D74-4D99-882E-9628C5AA0028}"
EndProject
Project("{2150E333-8FDC-42A3-9474-1A3956D46DE8}") = "Common", "Common", "{5A0ECF7E-F3DD-4C90-A8DB-0F536E76612A}"
EndProject
Project("{FAE04EC0-301F-11D3-BF4B-00C04F79EFBC}") = "MediaAccess.Workflow.Tests", "src\MediaAccess.Workflow.Tests\MediaAccess.Workflow.Tests.csproj", "{14D0FB17-9638-4ABE-9F24-40B36E0C501A}"
EndProject
Global
	GlobalSection(SolutionConfigurationPlatforms) = preSolution
		Debug|Any CPU = Debug|Any CPU
		Release|Any CPU = Release|Any CPU
	EndGlobalSection
	GlobalSection(ProjectConfigurationPlatforms) = postSolution
		{935C6C73-327F-4E25-87F8-53DEA8384C1A}.Debug|Any CPU.ActiveCfg = Debug|Any CPU
		{935C6C73-327F-4E25-87F8-53DEA8384C1A}.Debug|Any CPU.Build.0 = Debug|Any CPU
		{935C6C73-327F-4E25-87F8-53DEA8384C1A}.Release|Any CPU.ActiveCfg = Release|Any CPU
		{935C6C73-327F-4E25-87F8-53DEA8384C1A}.Release|Any CPU.Build.0 = Release|Any CPU
		{6DE10DD7-4DE2-4E09-89D0-9C83DCB21FFE}.Debug|Any CPU.ActiveCfg = Debug|Any CPU
		{6DE10DD7-4DE2-4E09-89D0-9C83DCB21FFE}.Debug|Any CPU.Build.0 = Debug|Any CPU
		{6DE10DD7-4DE2-4E09-89D0-9C83DCB21FFE}.Release|Any CPU.ActiveCfg = Release|Any CPU
		{6DE10DD7-4DE2-4E09-89D0-9C83DCB21FFE}.Release|Any CPU.Build.0 = Release|Any CPU
		{D076D718-79BD-438D-8F29-BF7024D8AD05}.Debug|Any CPU.ActiveCfg = Debug|Any CPU
		{D076D718-79BD-438D-8F29-BF7024D8AD05}.Debug|Any CPU.Build.0 = Debug|Any CPU
		{D076D718-79BD-438D-8F29-BF7024D8AD05}.Release|Any CPU.ActiveCfg = Release|Any CPU
		{D076D718-79BD-438D-8F29-BF7024D8AD05}.Release|Any CPU.Build.0 = Release|Any CPU
		{1C27AD6B-D4FB-43B4-AB8C-18ACADFFDBFE}.Debug|Any CPU.ActiveCfg = Debug|Any CPU
		{1C27AD6B-D4FB-43B4-AB8C-18ACADFFDBFE}.Debug|Any CPU.Build.0 = Debug|Any CPU
		{1C27AD6B-D4FB-43B4-AB8C-18ACADFFDBFE}.Release|Any CPU.ActiveCfg = Release|Any CPU
		{1C27AD6B-D4FB-43B4-AB8C-18ACADFFDBFE}.Release|Any CPU.Build.0 = Release|Any CPU
		{6A16D9FC-B6F2-4BE9-8064-E9DCF3268393}.Debug|Any CPU.ActiveCfg = Debug|Any CPU
		{6A16D9FC-B6F2-4BE9-8064-E9DCF3268393}.Debug|Any CPU.Build.0 = Debug|Any CPU
		{6A16D9FC-B6F2-4BE9-8064-E9DCF3268393}.Release|Any CPU.ActiveCfg = Release|Any CPU
		{6A16D9FC-B6F2-4BE9-8064-E9DCF3268393}.Release|Any CPU.Build.0 = Release|Any CPU
		{2CB43C8A-0987-4EC0-BB65-0AC8120F64F4}.Debug|Any CPU.ActiveCfg = Debug|Any CPU
		{2CB43C8A-0987-4EC0-BB65-0AC8120F64F4}.Debug|Any CPU.Build.0 = Debug|Any CPU
		{2CB43C8A-0987-4EC0-BB65-0AC8120F64F4}.Release|Any CPU.ActiveCfg = Release|Any CPU
		{2CB43C8A-0987-4EC0-BB65-0AC8120F64F4}.Release|Any CPU.Build.0 = Release|Any CPU
		{6CB362B1-0DD8-45D0-A317-2F147C8B76B7}.Debug|Any CPU.ActiveCfg = Debug|Any CPU
		{6CB362B1-0DD8-45D0-A317-2F147C8B76B7}.Debug|Any CPU.Build.0 = Debug|Any CPU
		{6CB362B1-0DD8-45D0-A317-2F147C8B76B7}.Release|Any CPU.ActiveCfg = Release|Any CPU
		{6CB362B1-0DD8-45D0-A317-2F147C8B76B7}.Release|Any CPU.Build.0 = Release|Any CPU
		{4490CDC2-4774-429F-93DF-81093CD69120}.Debug|Any CPU.ActiveCfg = Debug|Any CPU
		{4490CDC2-4774-429F-93DF-81093CD69120}.Debug|Any CPU.Build.0 = Debug|Any CPU
		{4490CDC2-4774-429F-93DF-81093CD69120}.Release|Any CPU.ActiveCfg = Release|Any CPU
		{4490CDC2-4774-429F-93DF-81093CD69120}.Release|Any CPU.Build.0 = Release|Any CPU
		{C5B0CA38-57C7-4282-810F-C813B0EDDAE9}.Debug|Any CPU.ActiveCfg = Debug|Any CPU
		{C5B0CA38-57C7-4282-810F-C813B0EDDAE9}.Debug|Any CPU.Build.0 = Debug|Any CPU
		{C5B0CA38-57C7-4282-810F-C813B0EDDAE9}.Release|Any CPU.ActiveCfg = Release|Any CPU
		{C5B0CA38-57C7-4282-810F-C813B0EDDAE9}.Release|Any CPU.Build.0 = Release|Any CPU
		{E95F898E-CDE9-40C7-BC8C-AF65EE041EAD}.Debug|Any CPU.ActiveCfg = Debug|Any CPU
		{E95F898E-CDE9-40C7-BC8C-AF65EE041EAD}.Debug|Any CPU.Build.0 = Debug|Any CPU
		{E95F898E-CDE9-40C7-BC8C-AF65EE041EAD}.Release|Any CPU.ActiveCfg = Release|Any CPU
		{E95F898E-CDE9-40C7-BC8C-AF65EE041EAD}.Release|Any CPU.Build.0 = Release|Any CPU
		{D78B3284-5B5E-493B-A46C-1051DFD0B994}.Debug|Any CPU.ActiveCfg = Debug|Any CPU
		{D78B3284-5B5E-493B-A46C-1051DFD0B994}.Debug|Any CPU.Build.0 = Debug|Any CPU
		{D78B3284-5B5E-493B-A46C-1051DFD0B994}.Release|Any CPU.ActiveCfg = Release|Any CPU
		{D78B3284-5B5E-493B-A46C-1051DFD0B994}.Release|Any CPU.Build.0 = Release|Any CPU
		{24E747B8-B9C5-4EF6-8E5F-5E42E3497545}.Debug|Any CPU.ActiveCfg = Debug|Any CPU
		{24E747B8-B9C5-4EF6-8E5F-5E42E3497545}.Debug|Any CPU.Build.0 = Debug|Any CPU
		{24E747B8-B9C5-4EF6-8E5F-5E42E3497545}.Release|Any CPU.ActiveCfg = Release|Any CPU
		{24E747B8-B9C5-4EF6-8E5F-5E42E3497545}.Release|Any CPU.Build.0 = Release|Any CPU
		{50A02F63-C410-4B9E-82E8-D369BFD54714}.Debug|Any CPU.ActiveCfg = Debug|Any CPU
		{50A02F63-C410-4B9E-82E8-D369BFD54714}.Debug|Any CPU.Build.0 = Debug|Any CPU
		{50A02F63-C410-4B9E-82E8-D369BFD54714}.Release|Any CPU.ActiveCfg = Release|Any CPU
		{50A02F63-C410-4B9E-82E8-D369BFD54714}.Release|Any CPU.Build.0 = Release|Any CPU
		{89C1316F-7D74-4D99-882E-9628C5AA0028}.Debug|Any CPU.ActiveCfg = Debug|Any CPU
		{89C1316F-7D74-4D99-882E-9628C5AA0028}.Debug|Any CPU.Build.0 = Debug|Any CPU
		{89C1316F-7D74-4D99-882E-9628C5AA0028}.Release|Any CPU.ActiveCfg = Release|Any CPU
		{89C1316F-7D74-4D99-882E-9628C5AA0028}.Release|Any CPU.Build.0 = Release|Any CPU
		{14D0FB17-9638-4ABE-9F24-40B36E0C501A}.Debug|Any CPU.ActiveCfg = Debug|Any CPU
		{14D0FB17-9638-4ABE-9F24-40B36E0C501A}.Debug|Any CPU.Build.0 = Debug|Any CPU
		{14D0FB17-9638-4ABE-9F24-40B36E0C501A}.Release|Any CPU.ActiveCfg = Release|Any CPU
		{14D0FB17-9638-4ABE-9F24-40B36E0C501A}.Release|Any CPU.Build.0 = Release|Any CPU
	EndGlobalSection
	GlobalSection(NestedProjects) = preSolution
		{2CB43C8A-0987-4EC0-BB65-0AC8120F64F4} = {5A0ECF7E-F3DD-4C90-A8DB-0F536E76612A}
		{D78B3284-5B5E-493B-A46C-1051DFD0B994} = {5A0ECF7E-F3DD-4C90-A8DB-0F536E76612A}
		{E95F898E-CDE9-40C7-BC8C-AF65EE041EAD} = {5A0ECF7E-F3DD-4C90-A8DB-0F536E76612A}
		{D076D718-79BD-438D-8F29-BF7024D8AD05} = {5A0ECF7E-F3DD-4C90-A8DB-0F536E76612A}
		{1C27AD6B-D4FB-43B4-AB8C-18ACADFFDBFE} = {5A0ECF7E-F3DD-4C90-A8DB-0F536E76612A}
		{4490CDC2-4774-429F-93DF-81093CD69120} = {5A0ECF7E-F3DD-4C90-A8DB-0F536E76612A}
		{C5B0CA38-57C7-4282-810F-C813B0EDDAE9} = {5A0ECF7E-F3DD-4C90-A8DB-0F536E76612A}
		{6A16D9FC-B6F2-4BE9-8064-E9DCF3268393} = {5A0ECF7E-F3DD-4C90-A8DB-0F536E76612A}
		{24E747B8-B9C5-4EF6-8E5F-5E42E3497545} = {5A0ECF7E-F3DD-4C90-A8DB-0F536E76612A}
		{6DE10DD7-4DE2-4E09-89D0-9C83DCB21FFE} = {5A0ECF7E-F3DD-4C90-A8DB-0F536E76612A}
	EndGlobalSection
EndGlobal
